
Microsoft Visual Studio Solution File, Format Version 11.00
# Visual Studio 2010
Project("{FAE04EC0-301F-11D3-BF4B-00C04F79EFBC}") = "Unity.Timeline", "Unity.Timeline.csproj", "{26b713dc-65a1-5d2c-d887-09edb1019be3}"
EndProject
Project("{FAE04EC0-301F-11D3-BF4B-00C04F79EFBC}") = "Unity.Timeline.Editor", "Unity.Timeline.Editor.csproj", "{f1bb15f1-a8dc-d577-ae61-b0d1b6302374}"
EndProject
Project("{FAE04EC0-301F-11D3-BF4B-00C04F79EFBC}") = "Unity.2D.Tilemap.Editor", "Unity.2D.Tilemap.Editor.csproj", "{baedb8fe-0bf1-f244-4909-0bd012f29f40}"
EndProject
Project("{FAE04EC0-301F-11D3-BF4B-00C04F79EFBC}") = "Unity.TextMeshPro.Editor", "Unity.TextMeshPro.Editor.csproj", "{02b29859-e3f2-e2c7-d7b8-c9ca11fcf0b9}"
EndProject
Project("{FAE04EC0-301F-11D3-BF4B-00C04F79EFBC}") = "Unity.2D.Aseprite.Editor", "Unity.2D.Aseprite.Editor.csproj", "{31a59f70-e282-5146-5459-613267ccbebf}"
EndProject
Project("{FAE04EC0-301F-11D3-BF4B-00C04F79EFBC}") = "Unity.VisualScripting.Flow", "Unity.VisualScripting.Flow.csproj", "{acae0b39-9fdd-5974-ce13-d0692ee2cc00}"
EndProject
Project("{FAE04EC0-301F-11D3-BF4B-00C04F79EFBC}") = "UnityEditor.UI", "UnityEditor.UI.csproj", "{aae82691-84de-5c0e-32e3-0fa84a2aa1b5}"
EndProject
Project("{FAE04EC0-301F-11D3-BF4B-00C04F79EFBC}") = "Unity.PlasticSCM.Editor", "Unity.PlasticSCM.Editor.csproj", "{15ea3196-2ea4-2195-180d-5af025af89c5}"
EndProject
Project("{FAE04EC0-301F-11D3-BF4B-00C04F79EFBC}") = "Unity.2D.Psdimporter.Editor", "Unity.2D.Psdimporter.Editor.csproj", "{28f2b162-8fc1-4c72-9b03-ee5214976bf5}"
EndProject
Project("{FAE04EC0-301F-11D3-BF4B-00C04F79EFBC}") = "Unity.VisualScripting.Core", "Unity.VisualScripting.Core.csproj", "{cef5858b-a884-af32-e6a8-f05d8d271d59}"
EndProject
Project("{FAE04EC0-301F-11D3-BF4B-00C04F79EFBC}") = "Unity.Mathematics", "Unity.Mathematics.csproj", "{f2dd6cce-7706-cfd1-0b92-64436f076d5c}"
EndProject
Project("{FAE04EC0-301F-11D3-BF4B-00C04F79EFBC}") = "Unity.2D.Animation.Editor", "Unity.2D.Animation.Editor.csproj", "{02c4eed1-40d5-6102-2dbd-e61d9a2eaa8f}"
EndProject
Project("{FAE04EC0-301F-11D3-BF4B-00C04F79EFBC}") = "Unity.2D.Common.Path.Editor", "Unity.2D.Common.Path.Editor.csproj", "{d1137f9b-4006-90cf-92c4-5f3b97b661e3}"
EndProject
Project("{FAE04EC0-301F-11D3-BF4B-00C04F79EFBC}") = "Unity.VisualScripting.Core.Editor", "Unity.VisualScripting.Core.Editor.csproj", "{6d75f8ac-e5cf-e660-52bb-0c82a5df1bd4}"
EndProject
Project("{FAE04EC0-301F-11D3-BF4B-00C04F79EFBC}") = "Unity.2D.IK.Runtime", "Unity.2D.IK.Runtime.csproj", "{194702d3-2bb3-5129-2d7e-bfb6812ff7ab}"
EndProject
Project("{FAE04EC0-301F-11D3-BF4B-00C04F79EFBC}") = "Unity.VisualScripting.Flow.Editor", "Unity.VisualScripting.Flow.Editor.csproj", "{fec4213c-f7d8-1ec2-3914-ed23f9d068bf}"
EndProject
Project("{FAE04EC0-301F-11D3-BF4B-00C04F79EFBC}") = "UnityEditor.TestRunner", "UnityEditor.TestRunner.csproj", "{c16125fa-345e-44c8-b5a0-22c15b21fd93}"
EndProject
Project("{FAE04EC0-301F-11D3-BF4B-00C04F79EFBC}") = "Unity.VisualScripting.SettingsProvider.Editor", "Unity.VisualScripting.SettingsProvider.Editor.csproj", "{2c225320-2c84-fc8a-694e-8f76995ebf18}"
EndProject
Project("{FAE04EC0-301F-11D3-BF4B-00C04F79EFBC}") = "UnityEngine.TestRunner", "UnityEngine.TestRunner.csproj", "{bd032704-139a-ce39-839d-330f885e9025}"
EndProject
Project("{FAE04EC0-301F-11D3-BF4B-00C04F79EFBC}") = "PsdPlugin", "PsdPlugin.csproj", "{e79e57f5-f7e6-8edf-eac9-69b47172c041}"
EndProject
Project("{FAE04EC0-301F-11D3-BF4B-00C04F79EFBC}") = "Unity.Burst", "Unity.Burst.csproj", "{b79fdd26-b701-78cc-957c-57b1eacd6d44}"
EndProject
Project("{FAE04EC0-301F-11D3-BF4B-00C04F79EFBC}") = "UnityEngine.UI", "UnityEngine.UI.csproj", "{a7fd32ea-da63-f1f2-5258-c17ac59d94af}"
EndProject
Project("{FAE04EC0-301F-11D3-BF4B-00C04F79EFBC}") = "Unity.2D.SpriteShape.Editor", "Unity.2D.SpriteShape.Editor.csproj", "{8cd063fc-9f4b-9e50-870e-8445f2b19762}"
EndProject
Project("{FAE04EC0-301F-11D3-BF4B-00C04F79EFBC}") = "Unity.Collections", "Unity.Collections.csproj", "{3f93cc58-52b9-30fa-2381-81dba516ace5}"
EndProject
Project("{FAE04EC0-301F-11D3-BF4B-00C04F79EFBC}") = "Unity.VisualStudio.Editor", "Unity.VisualStudio.Editor.csproj", "{263a3e9b-99df-847c-f05f-f3f0954c5d2d}"
EndProject
Project("{FAE04EC0-301F-11D3-BF4B-00C04F79EFBC}") = "Unity.2D.Tilemap.Extras.Editor", "Unity.2D.Tilemap.Extras.Editor.csproj", "{2e00c3f7-f9df-5d64-49d4-39967264525d}"
EndProject
Project("{FAE04EC0-301F-11D3-BF4B-00C04F79EFBC}") = "Unity.Rider.Editor", "Unity.Rider.Editor.csproj", "{f70f3e0d-22be-804d-1ad8-760fb10b1ecf}"
EndProject
Project("{FAE04EC0-301F-11D3-BF4B-00C04F79EFBC}") = "Unity.InternalAPIEditorBridge.001", "Unity.InternalAPIEditorBridge.001.csproj", "{acd86ed6-d6d0-2176-4349-840cf32cce22}"
EndProject
Project("{FAE04EC0-301F-11D3-BF4B-00C04F79EFBC}") = "Unity.2D.SpriteShape.Runtime", "Unity.2D.SpriteShape.Runtime.csproj", "{3ffe95b9-4ca7-8e32-bed0-8eb51682a57c}"
EndProject
Project("{FAE04EC0-301F-11D3-BF4B-00C04F79EFBC}") = "Unity.VisualScripting.State.Editor", "Unity.VisualScripting.State.Editor.csproj", "{6ed2b38c-22a4-b97d-fff4-e96f981599c3}"
EndProject
Project("{FAE04EC0-301F-11D3-BF4B-00C04F79EFBC}") = "Unity.2D.Animation.Runtime", "Unity.2D.Animation.Runtime.csproj", "{6de76321-277d-5783-cebb-da6c92246331}"
EndProject
Project("{FAE04EC0-301F-11D3-BF4B-00C04F79EFBC}") = "Unity.Burst.CodeGen", "Unity.Burst.CodeGen.csproj", "{a76f897e-506b-ab35-6e0a-5d4c1b3f26cd}"
EndProject
Project("{FAE04EC0-301F-11D3-BF4B-00C04F79EFBC}") = "Unity.2D.Tilemap.Extras", "Unity.2D.Tilemap.Extras.csproj", "{daab60dc-f7e8-5f5d-b3ad-a9e6dc5c3219}"
EndProject
Project("{FAE04EC0-301F-11D3-BF4B-00C04F79EFBC}") = "Unity.VisualScripting.State", "Unity.VisualScripting.State.csproj", "{69300011-6724-700c-4e4b-350882bd3308}"
EndProject
Project("{FAE04EC0-301F-11D3-BF4B-00C04F79EFBC}") = "Unity.TextMeshPro", "Unity.TextMeshPro.csproj", "{2ea24541-6c2b-b254-ac76-70e05e11efbc}"
EndProject
Project("{FAE04EC0-301F-11D3-BF4B-00C04F79EFBC}") = "Unity.2D.Aseprite.Common", "Unity.2D.Aseprite.Common.csproj", "{08f142ed-9d21-6f3c-f3df-408b822da0a7}"
EndProject
Project("{FAE04EC0-301F-11D3-BF4B-00C04F79EFBC}") = "Unity.2D.IK.Editor", "Unity.2D.IK.Editor.csproj", "{eb158dcb-43b7-5f9e-fc05-758f662935f0}"
EndProject
Project("{FAE04EC0-301F-11D3-BF4B-00C04F79EFBC}") = "Unity.InternalAPIEngineBridge.001", "Unity.InternalAPIEngineBridge.001.csproj", "{e22824d8-ea87-00ac-5219-57d3788fc248}"
EndProject
Project("{FAE04EC0-301F-11D3-BF4B-00C04F79EFBC}") = "Unity.Burst.Editor", "Unity.Burst.Editor.csproj", "{fe60f91e-3200-4d59-432f-7fd799e28387}"
EndProject
Project("{FAE04EC0-301F-11D3-BF4B-00C04F79EFBC}") = "Unity.2D.Common.Editor", "Unity.2D.Common.Editor.csproj", "{067bdd5c-46c5-a39f-5782-bb97e9ce7a9d}"
EndProject
Project("{FAE04EC0-301F-11D3-BF4B-00C04F79EFBC}") = "Unity.2D.Sprite.Editor", "Unity.2D.Sprite.Editor.csproj", "{01646ca9-0fe9-b16e-2393-e87f04eba1ff}"
EndProject
Project("{FAE04EC0-301F-11D3-BF4B-00C04F79EFBC}") = "Unity.2D.PixelPerfect", "Unity.2D.PixelPerfect.csproj", "{c48325c6-77fe-ffdb-dc2b-6cd940b03f00}"
EndProject
Project("{FAE04EC0-301F-11D3-BF4B-00C04F79EFBC}") = "Unity.2D.PixelPerfect.Editor", "Unity.2D.PixelPerfect.Editor.csproj", "{5d1f112c-9fda-9556-e2d4-4f9b610e08e9}"
EndProject
Project("{FAE04EC0-301F-11D3-BF4B-00C04F79EFBC}") = "Unity.2D.Common.Runtime", "Unity.2D.Common.Runtime.csproj", "{62b1e515-abc0-8505-827a-1c4409e3bd4d}"
EndProject
Project("{FAE04EC0-301F-11D3-BF4B-00C04F79EFBC}") = "Unity.Mathematics.Editor", "Unity.Mathematics.Editor.csproj", "{9abc45ee-8dd0-f27f-5948-a8d7f61e6fcd}"
EndProject
Project("{FAE04EC0-301F-11D3-BF4B-00C04F79EFBC}") = "Unity.Collections.BurstCompatibilityGen", "Unity.Collections.BurstCompatibilityGen.csproj", "{77180b33-5492-7691-f1d4-4e826a9d3485}"
EndProject
Project("{FAE04EC0-301F-11D3-BF4B-00C04F79EFBC}") = "Unity.VisualScripting.Shared.Editor", "Unity.VisualScripting.Shared.Editor.csproj", "{0a1d7aac-6cab-db1c-948d-14dc89733632}"
EndProject
Project("{FAE04EC0-301F-11D3-BF4B-00C04F79EFBC}") = "Unity.Collections.DocCodeSamples", "Unity.Collections.DocCodeSamples.csproj", "{268aee8a-a663-95c8-cf8d-65ece306d07a}"
EndProject
Project("{FAE04EC0-301F-11D3-BF4B-00C04F79EFBC}") = "Unity.CollabProxy.Editor", "Unity.CollabProxy.Editor.csproj", "{2a366dfb-409d-7c10-b66e-addf2e955d47}"
EndProject
Project("{FAE04EC0-301F-11D3-BF4B-00C04F79EFBC}") = "Unity.Timeline", "Unity.Timeline.Player.csproj", "{065f5b7b-3d92-3c4c-ad9b-521c2c6be067}"
EndProject
Project("{FAE04EC0-301F-11D3-BF4B-00C04F79EFBC}") = "Unity.VisualScripting.Flow", "Unity.VisualScripting.Flow.Player.csproj", "{12dbacba-131d-8797-3d5f-2d35a77e3704}"
EndProject
Project("{FAE04EC0-301F-11D3-BF4B-00C04F79EFBC}") = "Unity.VisualScripting.Core", "Unity.VisualScripting.Core.Player.csproj", "{5ba9cca5-0d58-71f4-7866-a45dc415c2a9}"
EndProject
Project("{FAE04EC0-301F-11D3-BF4B-00C04F79EFBC}") = "Unity.Mathematics", "Unity.Mathematics.Player.csproj", "{63b459c7-6856-73ad-319d-698795d0e656}"
EndProject
Project("{FAE04EC0-301F-11D3-BF4B-00C04F79EFBC}") = "Unity.2D.IK.Runtime", "Unity.2D.IK.Runtime.Player.csproj", "{b9d27501-afe1-a481-7143-824a1f0586d9}"
EndProject
Project("{FAE04EC0-301F-11D3-BF4B-00C04F79EFBC}") = "UnityEngine.TestRunner", "UnityEngine.TestRunner.Player.csproj", "{d1fd748d-5246-9ce3-5fdf-2c89c997c61b}"
EndProject
Project("{FAE04EC0-301F-11D3-BF4B-00C04F79EFBC}") = "Unity.Burst", "Unity.Burst.Player.csproj", "{38c6c4f1-9e96-588c-cb97-0b68eb639087}"
EndProject
Project("{FAE04EC0-301F-11D3-BF4B-00C04F79EFBC}") = "UnityEngine.UI", "UnityEngine.UI.Player.csproj", "{413cecda-d454-6f99-011a-427c95bf1cae}"
EndProject
Project("{FAE04EC0-301F-11D3-BF4B-00C04F79EFBC}") = "Unity.Collections", "Unity.Collections.Player.csproj", "{ce263af7-214e-b51f-8087-8edd0b5ba3a8}"
EndProject
Project("{FAE04EC0-301F-11D3-BF4B-00C04F79EFBC}") = "Unity.2D.SpriteShape.Runtime", "Unity.2D.SpriteShape.Runtime.Player.csproj", "{bc743a31-879d-662c-ed38-c0ee5c8e4920}"
EndProject
Project("{FAE04EC0-301F-11D3-BF4B-00C04F79EFBC}") = "Unity.2D.Animation.Runtime", "Unity.2D.Animation.Runtime.Player.csproj", "{2ed5d9da-bb2f-8c54-f59b-cadc63dd5895}"
EndProject
Project("{FAE04EC0-301F-11D3-BF4B-00C04F79EFBC}") = "Unity.2D.Tilemap.Extras", "Unity.2D.Tilemap.Extras.Player.csproj", "{32e0d015-8986-c54a-8e2f-3b4b33175c60}"
EndProject
Project("{FAE04EC0-301F-11D3-BF4B-00C04F79EFBC}") = "Unity.VisualScripting.State", "Unity.VisualScripting.State.Player.csproj", "{9574f0c6-cfe0-2a4f-d8ff-feaf8508125b}"
EndProject
Project("{FAE04EC0-301F-11D3-BF4B-00C04F79EFBC}") = "Unity.TextMeshPro", "Unity.TextMeshPro.Player.csproj", "{de6e72d4-5a3c-6ab6-9d32-40b2d6c2d838}"
EndProject
Project("{FAE04EC0-301F-11D3-BF4B-00C04F79EFBC}") = "Unity.InternalAPIEngineBridge.001", "Unity.InternalAPIEngineBridge.001.Player.csproj", "{65298856-e95a-6135-acd9-71f27595e2a5}"
EndProject
Project("{FAE04EC0-301F-11D3-BF4B-00C04F79EFBC}") = "Unity.2D.PixelPerfect", "Unity.2D.PixelPerfect.Player.csproj", "{4cafb9ac-67e6-90d7-c354-37c1f2f80577}"
EndProject
Project("{FAE04EC0-301F-11D3-BF4B-00C04F79EFBC}") = "Unity.2D.Common.Runtime", "Unity.2D.Common.Runtime.Player.csproj", "{2b7abe30-76ea-2873-8daf-0d5621e61abc}"
EndProject
Project("{FAE04EC0-301F-11D3-BF4B-00C04F79EFBC}") = "Assembly-CSharp-Editor", "Assembly-CSharp-Editor.csproj", "{7c91020c-fb5b-b455-7bc3-ea8b057ea9f4}"
EndProject
Project("{FAE04EC0-301F-11D3-BF4B-00C04F79EFBC}") = "Assembly-CSharp", "Assembly-CSharp.csproj", "{24cbe4f6-10b5-1580-fdaa-0f009c5576d5}"
EndProject
Project("{FAE04EC0-301F-11D3-BF4B-00C04F79EFBC}") = "Unity.Mathematics.Tests", "Unity.Mathematics.Tests.csproj", "{a0fb52f2-f8d8-9e73-b502-1b074f8061f4}"
EndProject
Project("{FAE04EC0-301F-11D3-BF4B-00C04F79EFBC}") = "Unity.2D.Aseprite.EditorTests", "Unity.2D.Aseprite.EditorTests.csproj", "{820ed8f1-53ab-b684-504c-f7e76f2ac287}"
EndProject
Project("{FAE04EC0-301F-11D3-BF4B-00C04F79EFBC}") = "Unity.2D.Sprite.Package.EditorTests", "Unity.2D.Sprite.Package.EditorTests.csproj", "{f85bcfef-55f0-947e-577c-dbf94ba6bd52}"
EndProject
Project("{FAE04EC0-301F-11D3-BF4B-00C04F79EFBC}") = "Unity.Burst.Tests.UnitTests", "Unity.Burst.Tests.UnitTests.csproj", "{c0def482-9761-dde6-0400-b6f5d37c1d2e}"
EndProject
Project("{FAE04EC0-301F-11D3-BF4B-00C04F79EFBC}") = "Unity.2D.PixelPerfect.EditorTests", "Unity.2D.PixelPerfect.EditorTests.csproj", "{e0b5d74c-3e55-fce2-32ff-63e1cbd337c1}"
EndProject
Project("{FAE04EC0-301F-11D3-BF4B-00C04F79EFBC}") = "Unity.2D.SpriteShape.EditorTests", "Unity.2D.SpriteShape.EditorTests.csproj", "{54615903-840e-a631-ec9a-ac91995dd10c}"
EndProject
Project("{FAE04EC0-301F-11D3-BF4B-00C04F79EFBC}") = "Unity.2D.Common.EditorTests", "Unity.2D.Common.EditorTests.csproj", "{e7fe6af6-7335-8fe2-de77-f0602b01f310}"
EndProject
Project("{FAE04EC0-301F-11D3-BF4B-00C04F79EFBC}") = "Unity.Burst.Editor.Tests", "Unity.Burst.Editor.Tests.csproj", "{f79a188a-ce6a-7809-3259-74f23d53edb3}"
EndProject
Project("{FAE04EC0-301F-11D3-BF4B-00C04F79EFBC}") = "Unity.TextMeshPro.Editor.Tests", "Unity.TextMeshPro.Editor.Tests.csproj", "{02c3e2ec-9a6c-7d7a-434f-5d88e710568c}"
EndProject
Project("{FAE04EC0-301F-11D3-BF4B-00C04F79EFBC}") = "DocCodeExamples", "DocCodeExamples.csproj", "{d35189ef-b873-f109-a25e-4245a6c2ed60}"
EndProject
Project("{FAE04EC0-301F-11D3-BF4B-00C04F79EFBC}") = "Unity.Collections.Tests", "Unity.Collections.Tests.csproj", "{5d42bd48-8750-ee66-6aeb-bf489dfdd7f1}"
EndProject
Project("{FAE04EC0-301F-11D3-BF4B-00C04F79EFBC}") = "Unity.2D.Psdimporter.EditorTests", "Unity.2D.Psdimporter.EditorTests.csproj", "{9e9bf489-2b1e-c836-e606-6ca180f6c9c3}"
EndProject
Project("{FAE04EC0-301F-11D3-BF4B-00C04F79EFBC}") = "UnityEngine.UI.Tests", "UnityEngine.UI.Tests.csproj", "{e76b84f4-4e9c-b2cb-cefd-be6cd864742e}"
EndProject
Project("{FAE04EC0-301F-11D3-BF4B-00C04F79EFBC}") = "Unity.Collections.Tests.Playmode", "Unity.Collections.Tests.Playmode.csproj", "{ba15bad4-1e54-700e-9a03-aada3b226cb1}"
EndProject
Project("{FAE04EC0-301F-11D3-BF4B-00C04F79EFBC}") = "Unity.2D.Animation.EditorTests", "Unity.2D.Animation.EditorTests.csproj", "{8db5ff8b-720f-bd33-13e4-afbd6da844ae}"
EndProject
Project("{FAE04EC0-301F-11D3-BF4B-00C04F79EFBC}") = "Unity.TextMeshPro.Tests", "Unity.TextMeshPro.Tests.csproj", "{50f85f02-06ae-7a24-2407-0f8d2c6b8fee}"
EndProject
Project("{FAE04EC0-301F-11D3-BF4B-00C04F79EFBC}") = "SeparateAssembly", "SeparateAssembly.csproj", "{d645c1d7-7d8f-ca4d-456e-b026f5bb3ba4}"
EndProject
Project("{FAE04EC0-301F-11D3-BF4B-00C04F79EFBC}") = "UnityEditor.UI.EditorTests", "UnityEditor.UI.EditorTests.csproj", "{fbd6e21c-2649-273e-b723-7ead557e98e3}"
EndProject
Project("{FAE04EC0-301F-11D3-BF4B-00C04F79EFBC}") = "Unity.2D.Tilemap.Package.EditorTests", "Unity.2D.Tilemap.Package.EditorTests.csproj", "{af7be916-1c72-de63-5ba3-1e3b2790a2b1}"
EndProject
Project("{FAE04EC0-301F-11D3-BF4B-00C04F79EFBC}") = "Unity.2D.Tilemap.Extras.Placeholder.EditorTests", "Unity.2D.Tilemap.Extras.Placeholder.EditorTests.csproj", "{e8191177-fe08-8f36-de62-7861cd001603}"
EndProject
Project("{FAE04EC0-301F-11D3-BF4B-00C04F79EFBC}") = "OverloadedFunctionPointers", "OverloadedFunctionPointers.csproj", "{5134f65e-b87a-d2a9-a567-1300b865e60f}"
EndProject
Global
	GlobalSection(SolutionConfigurationPlatforms) = preSolution
		Debug|Any CPU = Debug|Any CPU
	EndGlobalSection
	GlobalSection(ProjectConfigurationPlatforms) = postSolution
		{26b713dc-65a1-5d2c-d887-09edb1019be3}.Debug|Any CPU.ActiveCfg = Debug|Any CPU
		{26b713dc-65a1-5d2c-d887-09edb1019be3}.Debug|Any CPU.Build.0 = Debug|Any CPU
		{f1bb15f1-a8dc-d577-ae61-b0d1b6302374}.Debug|Any CPU.ActiveCfg = Debug|Any CPU
		{f1bb15f1-a8dc-d577-ae61-b0d1b6302374}.Debug|Any CPU.Build.0 = Debug|Any CPU
		{baedb8fe-0bf1-f244-4909-0bd012f29f40}.Debug|Any CPU.ActiveCfg = Debug|Any CPU
		{baedb8fe-0bf1-f244-4909-0bd012f29f40}.Debug|Any CPU.Build.0 = Debug|Any CPU
		{02b29859-e3f2-e2c7-d7b8-c9ca11fcf0b9}.Debug|Any CPU.ActiveCfg = Debug|Any CPU
		{02b29859-e3f2-e2c7-d7b8-c9ca11fcf0b9}.Debug|Any CPU.Build.0 = Debug|Any CPU
		{31a59f70-e282-5146-5459-613267ccbebf}.Debug|Any CPU.ActiveCfg = Debug|Any CPU
		{31a59f70-e282-5146-5459-613267ccbebf}.Debug|Any CPU.Build.0 = Debug|Any CPU
		{acae0b39-9fdd-5974-ce13-d0692ee2cc00}.Debug|Any CPU.ActiveCfg = Debug|Any CPU
		{acae0b39-9fdd-5974-ce13-d0692ee2cc00}.Debug|Any CPU.Build.0 = Debug|Any CPU
		{aae82691-84de-5c0e-32e3-0fa84a2aa1b5}.Debug|Any CPU.ActiveCfg = Debug|Any CPU
		{aae82691-84de-5c0e-32e3-0fa84a2aa1b5}.Debug|Any CPU.Build.0 = Debug|Any CPU
		{15ea3196-2ea4-2195-180d-5af025af89c5}.Debug|Any CPU.ActiveCfg = Debug|Any CPU
		{15ea3196-2ea4-2195-180d-5af025af89c5}.Debug|Any CPU.Build.0 = Debug|Any CPU
		{28f2b162-8fc1-4c72-9b03-ee5214976bf5}.Debug|Any CPU.ActiveCfg = Debug|Any CPU
		{28f2b162-8fc1-4c72-9b03-ee5214976bf5}.Debug|Any CPU.Build.0 = Debug|Any CPU
		{cef5858b-a884-af32-e6a8-f05d8d271d59}.Debug|Any CPU.ActiveCfg = Debug|Any CPU
		{cef5858b-a884-af32-e6a8-f05d8d271d59}.Debug|Any CPU.Build.0 = Debug|Any CPU
		{f2dd6cce-7706-cfd1-0b92-64436f076d5c}.Debug|Any CPU.ActiveCfg = Debug|Any CPU
		{f2dd6cce-7706-cfd1-0b92-64436f076d5c}.Debug|Any CPU.Build.0 = Debug|Any CPU
		{02c4eed1-40d5-6102-2dbd-e61d9a2eaa8f}.Debug|Any CPU.ActiveCfg = Debug|Any CPU
		{02c4eed1-40d5-6102-2dbd-e61d9a2eaa8f}.Debug|Any CPU.Build.0 = Debug|Any CPU
		{d1137f9b-4006-90cf-92c4-5f3b97b661e3}.Debug|Any CPU.ActiveCfg = Debug|Any CPU
		{d1137f9b-4006-90cf-92c4-5f3b97b661e3}.Debug|Any CPU.Build.0 = Debug|Any CPU
		{6d75f8ac-e5cf-e660-52bb-0c82a5df1bd4}.Debug|Any CPU.ActiveCfg = Debug|Any CPU
		{6d75f8ac-e5cf-e660-52bb-0c82a5df1bd4}.Debug|Any CPU.Build.0 = Debug|Any CPU
		{194702d3-2bb3-5129-2d7e-bfb6812ff7ab}.Debug|Any CPU.ActiveCfg = Debug|Any CPU
		{194702d3-2bb3-5129-2d7e-bfb6812ff7ab}.Debug|Any CPU.Build.0 = Debug|Any CPU
		{fec4213c-f7d8-1ec2-3914-ed23f9d068bf}.Debug|Any CPU.ActiveCfg = Debug|Any CPU
		{fec4213c-f7d8-1ec2-3914-ed23f9d068bf}.Debug|Any CPU.Build.0 = Debug|Any CPU
		{c16125fa-345e-44c8-b5a0-22c15b21fd93}.Debug|Any CPU.ActiveCfg = Debug|Any CPU
		{c16125fa-345e-44c8-b5a0-22c15b21fd93}.Debug|Any CPU.Build.0 = Debug|Any CPU
		{2c225320-2c84-fc8a-694e-8f76995ebf18}.Debug|Any CPU.ActiveCfg = Debug|Any CPU
		{2c225320-2c84-fc8a-694e-8f76995ebf18}.Debug|Any CPU.Build.0 = Debug|Any CPU
		{bd032704-139a-ce39-839d-330f885e9025}.Debug|Any CPU.ActiveCfg = Debug|Any CPU
		{bd032704-139a-ce39-839d-330f885e9025}.Debug|Any CPU.Build.0 = Debug|Any CPU
		{e79e57f5-f7e6-8edf-eac9-69b47172c041}.Debug|Any CPU.ActiveCfg = Debug|Any CPU
		{e79e57f5-f7e6-8edf-eac9-69b47172c041}.Debug|Any CPU.Build.0 = Debug|Any CPU
		{b79fdd26-b701-78cc-957c-57b1eacd6d44}.Debug|Any CPU.ActiveCfg = Debug|Any CPU
		{b79fdd26-b701-78cc-957c-57b1eacd6d44}.Debug|Any CPU.Build.0 = Debug|Any CPU
		{a7fd32ea-da63-f1f2-5258-c17ac59d94af}.Debug|Any CPU.ActiveCfg = Debug|Any CPU
		{a7fd32ea-da63-f1f2-5258-c17ac59d94af}.Debug|Any CPU.Build.0 = Debug|Any CPU
		{8cd063fc-9f4b-9e50-870e-8445f2b19762}.Debug|Any CPU.ActiveCfg = Debug|Any CPU
		{8cd063fc-9f4b-9e50-870e-8445f2b19762}.Debug|Any CPU.Build.0 = Debug|Any CPU
		{3f93cc58-52b9-30fa-2381-81dba516ace5}.Debug|Any CPU.ActiveCfg = Debug|Any CPU
		{3f93cc58-52b9-30fa-2381-81dba516ace5}.Debug|Any CPU.Build.0 = Debug|Any CPU
		{263a3e9b-99df-847c-f05f-f3f0954c5d2d}.Debug|Any CPU.ActiveCfg = Debug|Any CPU
		{263a3e9b-99df-847c-f05f-f3f0954c5d2d}.Debug|Any CPU.Build.0 = Debug|Any CPU
		{2e00c3f7-f9df-5d64-49d4-39967264525d}.Debug|Any CPU.ActiveCfg = Debug|Any CPU
		{2e00c3f7-f9df-5d64-49d4-39967264525d}.Debug|Any CPU.Build.0 = Debug|Any CPU
		{f70f3e0d-22be-804d-1ad8-760fb10b1ecf}.Debug|Any CPU.ActiveCfg = Debug|Any CPU
		{f70f3e0d-22be-804d-1ad8-760fb10b1ecf}.Debug|Any CPU.Build.0 = Debug|Any CPU
		{acd86ed6-d6d0-2176-4349-840cf32cce22}.Debug|Any CPU.ActiveCfg = Debug|Any CPU
		{acd86ed6-d6d0-2176-4349-840cf32cce22}.Debug|Any CPU.Build.0 = Debug|Any CPU
		{3ffe95b9-4ca7-8e32-bed0-8eb51682a57c}.Debug|Any CPU.ActiveCfg = Debug|Any CPU
		{3ffe95b9-4ca7-8e32-bed0-8eb51682a57c}.Debug|Any CPU.Build.0 = Debug|Any CPU
		{6ed2b38c-22a4-b97d-fff4-e96f981599c3}.Debug|Any CPU.ActiveCfg = Debug|Any CPU
		{6ed2b38c-22a4-b97d-fff4-e96f981599c3}.Debug|Any CPU.Build.0 = Debug|Any CPU
		{6de76321-277d-5783-cebb-da6c92246331}.Debug|Any CPU.ActiveCfg = Debug|Any CPU
		{6de76321-277d-5783-cebb-da6c92246331}.Debug|Any CPU.Build.0 = Debug|Any CPU
		{a76f897e-506b-ab35-6e0a-5d4c1b3f26cd}.Debug|Any CPU.ActiveCfg = Debug|Any CPU
		{a76f897e-506b-ab35-6e0a-5d4c1b3f26cd}.Debug|Any CPU.Build.0 = Debug|Any CPU
		{daab60dc-f7e8-5f5d-b3ad-a9e6dc5c3219}.Debug|Any CPU.ActiveCfg = Debug|Any CPU
		{daab60dc-f7e8-5f5d-b3ad-a9e6dc5c3219}.Debug|Any CPU.Build.0 = Debug|Any CPU
		{69300011-6724-700c-4e4b-350882bd3308}.Debug|Any CPU.ActiveCfg = Debug|Any CPU
		{69300011-6724-700c-4e4b-350882bd3308}.Debug|Any CPU.Build.0 = Debug|Any CPU
		{2ea24541-6c2b-b254-ac76-70e05e11efbc}.Debug|Any CPU.ActiveCfg = Debug|Any CPU
		{2ea24541-6c2b-b254-ac76-70e05e11efbc}.Debug|Any CPU.Build.0 = Debug|Any CPU
		{08f142ed-9d21-6f3c-f3df-408b822da0a7}.Debug|Any CPU.ActiveCfg = Debug|Any CPU
		{08f142ed-9d21-6f3c-f3df-408b822da0a7}.Debug|Any CPU.Build.0 = Debug|Any CPU
		{eb158dcb-43b7-5f9e-fc05-758f662935f0}.Debug|Any CPU.ActiveCfg = Debug|Any CPU
		{eb158dcb-43b7-5f9e-fc05-758f662935f0}.Debug|Any CPU.Build.0 = Debug|Any CPU
		{e22824d8-ea87-00ac-5219-57d3788fc248}.Debug|Any CPU.ActiveCfg = Debug|Any CPU
		{e22824d8-ea87-00ac-5219-57d3788fc248}.Debug|Any CPU.Build.0 = Debug|Any CPU
		{fe60f91e-3200-4d59-432f-7fd799e28387}.Debug|Any CPU.ActiveCfg = Debug|Any CPU
		{fe60f91e-3200-4d59-432f-7fd799e28387}.Debug|Any CPU.Build.0 = Debug|Any CPU
		{067bdd5c-46c5-a39f-5782-bb97e9ce7a9d}.Debug|Any CPU.ActiveCfg = Debug|Any CPU
		{067bdd5c-46c5-a39f-5782-bb97e9ce7a9d}.Debug|Any CPU.Build.0 = Debug|Any CPU
		{01646ca9-0fe9-b16e-2393-e87f04eba1ff}.Debug|Any CPU.ActiveCfg = Debug|Any CPU
		{01646ca9-0fe9-b16e-2393-e87f04eba1ff}.Debug|Any CPU.Build.0 = Debug|Any CPU
		{c48325c6-77fe-ffdb-dc2b-6cd940b03f00}.Debug|Any CPU.ActiveCfg = Debug|Any CPU
		{c48325c6-77fe-ffdb-dc2b-6cd940b03f00}.Debug|Any CPU.Build.0 = Debug|Any CPU
		{5d1f112c-9fda-9556-e2d4-4f9b610e08e9}.Debug|Any CPU.ActiveCfg = Debug|Any CPU
		{5d1f112c-9fda-9556-e2d4-4f9b610e08e9}.Debug|Any CPU.Build.0 = Debug|Any CPU
		{62b1e515-abc0-8505-827a-1c4409e3bd4d}.Debug|Any CPU.ActiveCfg = Debug|Any CPU
		{62b1e515-abc0-8505-827a-1c4409e3bd4d}.Debug|Any CPU.Build.0 = Debug|Any CPU
		{9abc45ee-8dd0-f27f-5948-a8d7f61e6fcd}.Debug|Any CPU.ActiveCfg = Debug|Any CPU
		{9abc45ee-8dd0-f27f-5948-a8d7f61e6fcd}.Debug|Any CPU.Build.0 = Debug|Any CPU
		{77180b33-5492-7691-f1d4-4e826a9d3485}.Debug|Any CPU.ActiveCfg = Debug|Any CPU
		{77180b33-5492-7691-f1d4-4e826a9d3485}.Debug|Any CPU.Build.0 = Debug|Any CPU
		{0a1d7aac-6cab-db1c-948d-14dc89733632}.Debug|Any CPU.ActiveCfg = Debug|Any CPU
		{0a1d7aac-6cab-db1c-948d-14dc89733632}.Debug|Any CPU.Build.0 = Debug|Any CPU
		{268aee8a-a663-95c8-cf8d-65ece306d07a}.Debug|Any CPU.ActiveCfg = Debug|Any CPU
		{268aee8a-a663-95c8-cf8d-65ece306d07a}.Debug|Any CPU.Build.0 = Debug|Any CPU
		{2a366dfb-409d-7c10-b66e-addf2e955d47}.Debug|Any CPU.ActiveCfg = Debug|Any CPU
		{2a366dfb-409d-7c10-b66e-addf2e955d47}.Debug|Any CPU.Build.0 = Debug|Any CPU
		{065f5b7b-3d92-3c4c-ad9b-521c2c6be067}.Debug|Any CPU.ActiveCfg = Debug|Any CPU
		{065f5b7b-3d92-3c4c-ad9b-521c2c6be067}.Debug|Any CPU.Build.0 = Debug|Any CPU
		{12dbacba-131d-8797-3d5f-2d35a77e3704}.Debug|Any CPU.ActiveCfg = Debug|Any CPU
		{12dbacba-131d-8797-3d5f-2d35a77e3704}.Debug|Any CPU.Build.0 = Debug|Any CPU
		{5ba9cca5-0d58-71f4-7866-a45dc415c2a9}.Debug|Any CPU.ActiveCfg = Debug|Any CPU
		{5ba9cca5-0d58-71f4-7866-a45dc415c2a9}.Debug|Any CPU.Build.0 = Debug|Any CPU
		{63b459c7-6856-73ad-319d-698795d0e656}.Debug|Any CPU.ActiveCfg = Debug|Any CPU
		{63b459c7-6856-73ad-319d-698795d0e656}.Debug|Any CPU.Build.0 = Debug|Any CPU
		{b9d27501-afe1-a481-7143-824a1f0586d9}.Debug|Any CPU.ActiveCfg = Debug|Any CPU
		{b9d27501-afe1-a481-7143-824a1f0586d9}.Debug|Any CPU.Build.0 = Debug|Any CPU
		{d1fd748d-5246-9ce3-5fdf-2c89c997c61b}.Debug|Any CPU.ActiveCfg = Debug|Any CPU
		{d1fd748d-5246-9ce3-5fdf-2c89c997c61b}.Debug|Any CPU.Build.0 = Debug|Any CPU
		{38c6c4f1-9e96-588c-cb97-0b68eb639087}.Debug|Any CPU.ActiveCfg = Debug|Any CPU
		{38c6c4f1-9e96-588c-cb97-0b68eb639087}.Debug|Any CPU.Build.0 = Debug|Any CPU
		{413cecda-d454-6f99-011a-427c95bf1cae}.Debug|Any CPU.ActiveCfg = Debug|Any CPU
		{413cecda-d454-6f99-011a-427c95bf1cae}.Debug|Any CPU.Build.0 = Debug|Any CPU
		{ce263af7-214e-b51f-8087-8edd0b5ba3a8}.Debug|Any CPU.ActiveCfg = Debug|Any CPU
		{ce263af7-214e-b51f-8087-8edd0b5ba3a8}.Debug|Any CPU.Build.0 = Debug|Any CPU
		{bc743a31-879d-662c-ed38-c0ee5c8e4920}.Debug|Any CPU.ActiveCfg = Debug|Any CPU
		{bc743a31-879d-662c-ed38-c0ee5c8e4920}.Debug|Any CPU.Build.0 = Debug|Any CPU
		{2ed5d9da-bb2f-8c54-f59b-cadc63dd5895}.Debug|Any CPU.ActiveCfg = Debug|Any CPU
		{2ed5d9da-bb2f-8c54-f59b-cadc63dd5895}.Debug|Any CPU.Build.0 = Debug|Any CPU
		{32e0d015-8986-c54a-8e2f-3b4b33175c60}.Debug|Any CPU.ActiveCfg = Debug|Any CPU
		{32e0d015-8986-c54a-8e2f-3b4b33175c60}.Debug|Any CPU.Build.0 = Debug|Any CPU
		{9574f0c6-cfe0-2a4f-d8ff-feaf8508125b}.Debug|Any CPU.ActiveCfg = Debug|Any CPU
		{9574f0c6-cfe0-2a4f-d8ff-feaf8508125b}.Debug|Any CPU.Build.0 = Debug|Any CPU
		{de6e72d4-5a3c-6ab6-9d32-40b2d6c2d838}.Debug|Any CPU.ActiveCfg = Debug|Any CPU
		{de6e72d4-5a3c-6ab6-9d32-40b2d6c2d838}.Debug|Any CPU.Build.0 = Debug|Any CPU
		{65298856-e95a-6135-acd9-71f27595e2a5}.Debug|Any CPU.ActiveCfg = Debug|Any CPU
		{65298856-e95a-6135-acd9-71f27595e2a5}.Debug|Any CPU.Build.0 = Debug|Any CPU
		{4cafb9ac-67e6-90d7-c354-37c1f2f80577}.Debug|Any CPU.ActiveCfg = Debug|Any CPU
		{4cafb9ac-67e6-90d7-c354-37c1f2f80577}.Debug|Any CPU.Build.0 = Debug|Any CPU
		{2b7abe30-76ea-2873-8daf-0d5621e61abc}.Debug|Any CPU.ActiveCfg = Debug|Any CPU
		{2b7abe30-76ea-2873-8daf-0d5621e61abc}.Debug|Any CPU.Build.0 = Debug|Any CPU
		{7c91020c-fb5b-b455-7bc3-ea8b057ea9f4}.Debug|Any CPU.ActiveCfg = Debug|Any CPU
		{7c91020c-fb5b-b455-7bc3-ea8b057ea9f4}.Debug|Any CPU.Build.0 = Debug|Any CPU
		{24cbe4f6-10b5-1580-fdaa-0f009c5576d5}.Debug|Any CPU.ActiveCfg = Debug|Any CPU
		{24cbe4f6-10b5-1580-fdaa-0f009c5576d5}.Debug|Any CPU.Build.0 = Debug|Any CPU
		{a0fb52f2-f8d8-9e73-b502-1b074f8061f4}.Debug|Any CPU.ActiveCfg = Debug|Any CPU
		{a0fb52f2-f8d8-9e73-b502-1b074f8061f4}.Debug|Any CPU.Build.0 = Debug|Any CPU
		{820ed8f1-53ab-b684-504c-f7e76f2ac287}.Debug|Any CPU.ActiveCfg = Debug|Any CPU
		{820ed8f1-53ab-b684-504c-f7e76f2ac287}.Debug|Any CPU.Build.0 = Debug|Any CPU
		{f85bcfef-55f0-947e-577c-dbf94ba6bd52}.Debug|Any CPU.ActiveCfg = Debug|Any CPU
		{f85bcfef-55f0-947e-577c-dbf94ba6bd52}.Debug|Any CPU.Build.0 = Debug|Any CPU
		{c0def482-9761-dde6-0400-b6f5d37c1d2e}.Debug|Any CPU.ActiveCfg = Debug|Any CPU
		{c0def482-9761-dde6-0400-b6f5d37c1d2e}.Debug|Any CPU.Build.0 = Debug|Any CPU
		{e0b5d74c-3e55-fce2-32ff-63e1cbd337c1}.Debug|Any CPU.ActiveCfg = Debug|Any CPU
		{e0b5d74c-3e55-fce2-32ff-63e1cbd337c1}.Debug|Any CPU.Build.0 = Debug|Any CPU
		{54615903-840e-a631-ec9a-ac91995dd10c}.Debug|Any CPU.ActiveCfg = Debug|Any CPU
		{54615903-840e-a631-ec9a-ac91995dd10c}.Debug|Any CPU.Build.0 = Debug|Any CPU
		{e7fe6af6-7335-8fe2-de77-f0602b01f310}.Debug|Any CPU.ActiveCfg = Debug|Any CPU
		{e7fe6af6-7335-8fe2-de77-f0602b01f310}.Debug|Any CPU.Build.0 = Debug|Any CPU
		{f79a188a-ce6a-7809-3259-74f23d53edb3}.Debug|Any CPU.ActiveCfg = Debug|Any CPU
		{f79a188a-ce6a-7809-3259-74f23d53edb3}.Debug|Any CPU.Build.0 = Debug|Any CPU
		{02c3e2ec-9a6c-7d7a-434f-5d88e710568c}.Debug|Any CPU.ActiveCfg = Debug|Any CPU
		{02c3e2ec-9a6c-7d7a-434f-5d88e710568c}.Debug|Any CPU.Build.0 = Debug|Any CPU
		{d35189ef-b873-f109-a25e-4245a6c2ed60}.Debug|Any CPU.ActiveCfg = Debug|Any CPU
		{d35189ef-b873-f109-a25e-4245a6c2ed60}.Debug|Any CPU.Build.0 = Debug|Any CPU
		{5d42bd48-8750-ee66-6aeb-bf489dfdd7f1}.Debug|Any CPU.ActiveCfg = Debug|Any CPU
		{5d42bd48-8750-ee66-6aeb-bf489dfdd7f1}.Debug|Any CPU.Build.0 = Debug|Any CPU
		{9e9bf489-2b1e-c836-e606-6ca180f6c9c3}.Debug|Any CPU.ActiveCfg = Debug|Any CPU
		{9e9bf489-2b1e-c836-e606-6ca180f6c9c3}.Debug|Any CPU.Build.0 = Debug|Any CPU
		{e76b84f4-4e9c-b2cb-cefd-be6cd864742e}.Debug|Any CPU.ActiveCfg = Debug|Any CPU
		{e76b84f4-4e9c-b2cb-cefd-be6cd864742e}.Debug|Any CPU.Build.0 = Debug|Any CPU
		{ba15bad4-1e54-700e-9a03-aada3b226cb1}.Debug|Any CPU.ActiveCfg = Debug|Any CPU
		{ba15bad4-1e54-700e-9a03-aada3b226cb1}.Debug|Any CPU.Build.0 = Debug|Any CPU
		{8db5ff8b-720f-bd33-13e4-afbd6da844ae}.Debug|Any CPU.ActiveCfg = Debug|Any CPU
		{8db5ff8b-720f-bd33-13e4-afbd6da844ae}.Debug|Any CPU.Build.0 = Debug|Any CPU
		{50f85f02-06ae-7a24-2407-0f8d2c6b8fee}.Debug|Any CPU.ActiveCfg = Debug|Any CPU
		{50f85f02-06ae-7a24-2407-0f8d2c6b8fee}.Debug|Any CPU.Build.0 = Debug|Any CPU
		{d645c1d7-7d8f-ca4d-456e-b026f5bb3ba4}.Debug|Any CPU.ActiveCfg = Debug|Any CPU
		{d645c1d7-7d8f-ca4d-456e-b026f5bb3ba4}.Debug|Any CPU.Build.0 = Debug|Any CPU
		{fbd6e21c-2649-273e-b723-7ead557e98e3}.Debug|Any CPU.ActiveCfg = Debug|Any CPU
		{fbd6e21c-2649-273e-b723-7ead557e98e3}.Debug|Any CPU.Build.0 = Debug|Any CPU
		{af7be916-1c72-de63-5ba3-1e3b2790a2b1}.Debug|Any CPU.ActiveCfg = Debug|Any CPU
		{af7be916-1c72-de63-5ba3-1e3b2790a2b1}.Debug|Any CPU.Build.0 = Debug|Any CPU
		{e8191177-fe08-8f36-de62-7861cd001603}.Debug|Any CPU.ActiveCfg = Debug|Any CPU
		{e8191177-fe08-8f36-de62-7861cd001603}.Debug|Any CPU.Build.0 = Debug|Any CPU
		{5134f65e-b87a-d2a9-a567-1300b865e60f}.Debug|Any CPU.ActiveCfg = Debug|Any CPU
		{5134f65e-b87a-d2a9-a567-1300b865e60f}.Debug|Any CPU.Build.0 = Debug|Any CPU
	EndGlobalSection
	GlobalSection(SolutionProperties) = preSolution
		HideSolutionNode = FALSE
	EndGlobalSection
EndGlobal
