
Microsoft Visual Studio Solution File, Format Version 11.00
# Visual Studio 2010
Project("{FAE04EC0-301F-11D3-BF4B-00C04F79EFBC}") = "Unity.Timeline", "Unity.Timeline.csproj", "{cd831ae9-5a9f-8582-2d6d-d0b155c328bf}"
EndProject
Project("{FAE04EC0-301F-11D3-BF4B-00C04F79EFBC}") = "Unity.Timeline.Editor", "Unity.Timeline.Editor.csproj", "{16243572-edba-27e8-77c1-b1fcc06fa492}"
EndProject
Project("{FAE04EC0-301F-11D3-BF4B-00C04F79EFBC}") = "Unity.2D.Tilemap.Editor", "Unity.2D.Tilemap.Editor.csproj", "{df52579a-69c1-ff40-4607-5d48457c0df2}"
EndProject
Project("{FAE04EC0-301F-11D3-BF4B-00C04F79EFBC}") = "Unity.TextMeshPro.Editor", "Unity.TextMeshPro.Editor.csproj", "{943d08cc-734e-8e0a-61da-f28afe8904be}"
EndProject
Project("{FAE04EC0-301F-11D3-BF4B-00C04F79EFBC}") = "Unity.2D.Aseprite.Editor", "Unity.2D.Aseprite.Editor.csproj", "{31a44434-3b34-bbdd-444b-7c173271432f}"
EndProject
Project("{FAE04EC0-301F-11D3-BF4B-00C04F79EFBC}") = "Unity.VisualScripting.Flow", "Unity.VisualScripting.Flow.csproj", "{45499d3a-b64a-592a-d9b4-107379596b0a}"
EndProject
Project("{FAE04EC0-301F-11D3-BF4B-00C04F79EFBC}") = "UnityEditor.UI", "UnityEditor.UI.csproj", "{d704bbdd-29df-6f24-0729-e6f8cbe35970}"
EndProject
Project("{FAE04EC0-301F-11D3-BF4B-00C04F79EFBC}") = "Unity.PlasticSCM.Editor", "Unity.PlasticSCM.Editor.csproj", "{88b70be8-be55-02cb-f884-534b12858c9c}"
EndProject
Project("{FAE04EC0-301F-11D3-BF4B-00C04F79EFBC}") = "Unity.2D.Psdimporter.Editor", "Unity.2D.Psdimporter.Editor.csproj", "{02df207b-4b24-8cf6-a929-82a4dc4efca6}"
EndProject
Project("{FAE04EC0-301F-11D3-BF4B-00C04F79EFBC}") = "Unity.VisualScripting.Core", "Unity.VisualScripting.Core.csproj", "{44c6c779-ba75-7511-f0bb-a31bdfc9e301}"
EndProject
Project("{FAE04EC0-301F-11D3-BF4B-00C04F79EFBC}") = "Unity.Mathematics", "Unity.Mathematics.csproj", "{681d9245-37ac-2ea8-6f9f-47b594c8f571}"
EndProject
Project("{FAE04EC0-301F-11D3-BF4B-00C04F79EFBC}") = "Unity.2D.Animation.Editor", "Unity.2D.Animation.Editor.csproj", "{5290f99d-e680-085d-72ee-045c8d7076df}"
EndProject
Project("{FAE04EC0-301F-11D3-BF4B-00C04F79EFBC}") = "Unity.2D.Common.Path.Editor", "Unity.2D.Common.Path.Editor.csproj", "{7ce1571c-fdfb-e9a0-aec1-69a2fcc37041}"
EndProject
Project("{FAE04EC0-301F-11D3-BF4B-00C04F79EFBC}") = "Unity.VisualScripting.Core.Editor", "Unity.VisualScripting.Core.Editor.csproj", "{3fdecb5e-9ce8-74b7-8839-75ff80d43c5d}"
EndProject
Project("{FAE04EC0-301F-11D3-BF4B-00C04F79EFBC}") = "Unity.2D.IK.Runtime", "Unity.2D.IK.Runtime.csproj", "{07259eb9-8177-3ea0-487d-81d1f26146fd}"
EndProject
Project("{FAE04EC0-301F-11D3-BF4B-00C04F79EFBC}") = "Unity.VisualScripting.Flow.Editor", "Unity.VisualScripting.Flow.Editor.csproj", "{40725d42-0f6a-6c05-2ad9-88274a47fa3f}"
EndProject
Project("{FAE04EC0-301F-11D3-BF4B-00C04F79EFBC}") = "UnityEditor.TestRunner", "UnityEditor.TestRunner.csproj", "{f52b8f09-ee9f-2e6b-50fe-7971e0dbe4b8}"
EndProject
Project("{FAE04EC0-301F-11D3-BF4B-00C04F79EFBC}") = "Unity.VisualScripting.SettingsProvider.Editor", "Unity.VisualScripting.SettingsProvider.Editor.csproj", "{42943c11-e41b-36a4-9658-7202e2768f7a}"
EndProject
Project("{FAE04EC0-301F-11D3-BF4B-00C04F79EFBC}") = "UnityEngine.TestRunner", "UnityEngine.TestRunner.csproj", "{65454a96-9531-46f7-eb74-b7550a50c990}"
EndProject
Project("{FAE04EC0-301F-11D3-BF4B-00C04F79EFBC}") = "PsdPlugin", "PsdPlugin.csproj", "{cda991b0-0c86-a32d-6b0c-dff5dcc21be7}"
EndProject
Project("{FAE04EC0-301F-11D3-BF4B-00C04F79EFBC}") = "Unity.Burst", "Unity.Burst.csproj", "{9acdf442-57d9-d985-83ca-3a10c0c74d92}"
EndProject
Project("{FAE04EC0-301F-11D3-BF4B-00C04F79EFBC}") = "UnityEngine.UI", "UnityEngine.UI.csproj", "{57eaf9ae-5f7a-c822-47ef-9fcf6f08400e}"
EndProject
Project("{FAE04EC0-301F-11D3-BF4B-00C04F79EFBC}") = "Unity.2D.SpriteShape.Editor", "Unity.2D.SpriteShape.Editor.csproj", "{d7cedc90-2674-0f01-c7a0-22b1466abacd}"
EndProject
Project("{FAE04EC0-301F-11D3-BF4B-00C04F79EFBC}") = "Unity.Collections", "Unity.Collections.csproj", "{7f6a79f8-e304-6e23-0ef4-92d9d7d33aee}"
EndProject
Project("{FAE04EC0-301F-11D3-BF4B-00C04F79EFBC}") = "Unity.VisualStudio.Editor", "Unity.VisualStudio.Editor.csproj", "{78394676-23d2-1e06-abf8-2346b29d22c7}"
EndProject
Project("{FAE04EC0-301F-11D3-BF4B-00C04F79EFBC}") = "Unity.2D.Tilemap.Extras.Editor", "Unity.2D.Tilemap.Extras.Editor.csproj", "{b3458fb1-d78d-4f5c-9c3b-1d625c0572c9}"
EndProject
Project("{FAE04EC0-301F-11D3-BF4B-00C04F79EFBC}") = "Unity.Rider.Editor", "Unity.Rider.Editor.csproj", "{984ad6e8-7c1a-587f-bf9c-69e597d7355f}"
EndProject
Project("{FAE04EC0-301F-11D3-BF4B-00C04F79EFBC}") = "Unity.InternalAPIEditorBridge.001", "Unity.InternalAPIEditorBridge.001.csproj", "{2129b3f5-8f94-5ed7-726b-a69c38a91d03}"
EndProject
Project("{FAE04EC0-301F-11D3-BF4B-00C04F79EFBC}") = "Unity.2D.SpriteShape.Runtime", "Unity.2D.SpriteShape.Runtime.csproj", "{39673e04-576b-52e6-fc8a-e05f123cd509}"
EndProject
Project("{FAE04EC0-301F-11D3-BF4B-00C04F79EFBC}") = "Unity.VisualScripting.State.Editor", "Unity.VisualScripting.State.Editor.csproj", "{f1a143ef-6efb-a0d0-d5bb-424dfe1844a4}"
EndProject
Project("{FAE04EC0-301F-11D3-BF4B-00C04F79EFBC}") = "Unity.2D.Animation.Runtime", "Unity.2D.Animation.Runtime.csproj", "{d27af6f3-db4d-240a-9b2a-7e65196ba912}"
EndProject
Project("{FAE04EC0-301F-11D3-BF4B-00C04F79EFBC}") = "Unity.Burst.CodeGen", "Unity.Burst.CodeGen.csproj", "{d861e651-a363-e1b7-5d60-a66bc23bd3b6}"
EndProject
Project("{FAE04EC0-301F-11D3-BF4B-00C04F79EFBC}") = "Unity.2D.Tilemap.Extras", "Unity.2D.Tilemap.Extras.csproj", "{17359526-0520-6a43-5a9e-3dcc328efadb}"
EndProject
Project("{FAE04EC0-301F-11D3-BF4B-00C04F79EFBC}") = "Unity.VisualScripting.State", "Unity.VisualScripting.State.csproj", "{bcf9a229-81ae-a9da-e795-6492b04869a7}"
EndProject
Project("{FAE04EC0-301F-11D3-BF4B-00C04F79EFBC}") = "Unity.TextMeshPro", "Unity.TextMeshPro.csproj", "{7c2e9f36-43a1-542a-6d00-6994a9847169}"
EndProject
Project("{FAE04EC0-301F-11D3-BF4B-00C04F79EFBC}") = "Unity.2D.Aseprite.Common", "Unity.2D.Aseprite.Common.csproj", "{e85a663b-20ad-ff33-57ff-037cbcd38f12}"
EndProject
Project("{FAE04EC0-301F-11D3-BF4B-00C04F79EFBC}") = "Unity.2D.IK.Editor", "Unity.2D.IK.Editor.csproj", "{cf4a4823-8b3e-a0f1-ff05-5e80f67d7568}"
EndProject
Project("{FAE04EC0-301F-11D3-BF4B-00C04F79EFBC}") = "Unity.InternalAPIEngineBridge.001", "Unity.InternalAPIEngineBridge.001.csproj", "{709a7768-bf9e-c22c-18e4-dd2525921bfe}"
EndProject
Project("{FAE04EC0-301F-11D3-BF4B-00C04F79EFBC}") = "Unity.Burst.Editor", "Unity.Burst.Editor.csproj", "{6dd9c431-576a-077e-0547-3fb0c2374657}"
EndProject
Project("{FAE04EC0-301F-11D3-BF4B-00C04F79EFBC}") = "Unity.2D.Common.Editor", "Unity.2D.Common.Editor.csproj", "{d9e2e57d-962f-a10c-da45-d0b087c160c0}"
EndProject
Project("{FAE04EC0-301F-11D3-BF4B-00C04F79EFBC}") = "Unity.2D.Sprite.Editor", "Unity.2D.Sprite.Editor.csproj", "{7aba76a6-5a47-ea54-22e2-b7eac28c82ef}"
EndProject
Project("{FAE04EC0-301F-11D3-BF4B-00C04F79EFBC}") = "Unity.2D.PixelPerfect", "Unity.2D.PixelPerfect.csproj", "{6532bfa6-84d3-6654-ce47-147a13e4a50f}"
EndProject
Project("{FAE04EC0-301F-11D3-BF4B-00C04F79EFBC}") = "Unity.2D.PixelPerfect.Editor", "Unity.2D.PixelPerfect.Editor.csproj", "{b9166cb5-dafa-d5bb-0481-2b8628f845ef}"
EndProject
Project("{FAE04EC0-301F-11D3-BF4B-00C04F79EFBC}") = "Unity.2D.Common.Runtime", "Unity.2D.Common.Runtime.csproj", "{95e87ed5-93d2-f860-691f-a9ab988c79c3}"
EndProject
Project("{FAE04EC0-301F-11D3-BF4B-00C04F79EFBC}") = "Unity.Mathematics.Editor", "Unity.Mathematics.Editor.csproj", "{22dd334e-1a92-676f-7a1f-57af68111798}"
EndProject
Project("{FAE04EC0-301F-11D3-BF4B-00C04F79EFBC}") = "Unity.Collections.BurstCompatibilityGen", "Unity.Collections.BurstCompatibilityGen.csproj", "{84400e6d-e0ce-f06a-5c17-dae54ee4a97f}"
EndProject
Project("{FAE04EC0-301F-11D3-BF4B-00C04F79EFBC}") = "Unity.VisualScripting.Shared.Editor", "Unity.VisualScripting.Shared.Editor.csproj", "{142ba918-041c-908f-7f6f-c5e4c80ae95b}"
EndProject
Project("{FAE04EC0-301F-11D3-BF4B-00C04F79EFBC}") = "Unity.Collections.DocCodeSamples", "Unity.Collections.DocCodeSamples.csproj", "{e78232c2-52a6-3277-7fe3-a86690c8ed6d}"
EndProject
Project("{FAE04EC0-301F-11D3-BF4B-00C04F79EFBC}") = "Unity.CollabProxy.Editor", "Unity.CollabProxy.Editor.csproj", "{98dfe2c5-fe3e-896e-6a04-286151a9bca8}"
EndProject
Project("{FAE04EC0-301F-11D3-BF4B-00C04F79EFBC}") = "Unity.Timeline", "Unity.Timeline.Player.csproj", "{6b5ce7b0-7d1a-cf96-1b4d-9f841fced8fb}"
EndProject
Project("{FAE04EC0-301F-11D3-BF4B-00C04F79EFBC}") = "Unity.VisualScripting.Flow", "Unity.VisualScripting.Flow.Player.csproj", "{499ade4c-b0da-ddbf-7e93-23739d3834e6}"
EndProject
Project("{FAE04EC0-301F-11D3-BF4B-00C04F79EFBC}") = "Unity.VisualScripting.Core", "Unity.VisualScripting.Core.Player.csproj", "{256d3ef3-5b98-f179-4bd7-8f8ac411dd25}"
EndProject
Project("{FAE04EC0-301F-11D3-BF4B-00C04F79EFBC}") = "Unity.Mathematics", "Unity.Mathematics.Player.csproj", "{03d5c934-d3f3-9c25-d8d0-0ad4cb480eff}"
EndProject
Project("{FAE04EC0-301F-11D3-BF4B-00C04F79EFBC}") = "Unity.2D.IK.Runtime", "Unity.2D.IK.Runtime.Player.csproj", "{d3bc6611-7d59-73ed-3185-1347c44909c3}"
EndProject
Project("{FAE04EC0-301F-11D3-BF4B-00C04F79EFBC}") = "UnityEngine.TestRunner", "UnityEngine.TestRunner.Player.csproj", "{7cd99c07-1d84-0c45-6159-ff4134c4fa0d}"
EndProject
Project("{FAE04EC0-301F-11D3-BF4B-00C04F79EFBC}") = "Unity.Burst", "Unity.Burst.Player.csproj", "{b4ad28d4-7f2b-3dde-f505-e287b3266517}"
EndProject
Project("{FAE04EC0-301F-11D3-BF4B-00C04F79EFBC}") = "UnityEngine.UI", "UnityEngine.UI.Player.csproj", "{ea46173f-73a4-f50d-6a17-b637e9194902}"
EndProject
Project("{FAE04EC0-301F-11D3-BF4B-00C04F79EFBC}") = "Unity.Collections", "Unity.Collections.Player.csproj", "{675653e8-fb4a-3e31-67fc-fdb198d2b8db}"
EndProject
Project("{FAE04EC0-301F-11D3-BF4B-00C04F79EFBC}") = "Unity.2D.SpriteShape.Runtime", "Unity.2D.SpriteShape.Runtime.Player.csproj", "{af665c5a-62c6-3a8f-05f2-064ffdf85ff9}"
EndProject
Project("{FAE04EC0-301F-11D3-BF4B-00C04F79EFBC}") = "Unity.2D.Animation.Runtime", "Unity.2D.Animation.Runtime.Player.csproj", "{cd828067-b481-6f36-cd3e-0145771000e5}"
EndProject
Project("{FAE04EC0-301F-11D3-BF4B-00C04F79EFBC}") = "Unity.2D.Tilemap.Extras", "Unity.2D.Tilemap.Extras.Player.csproj", "{3bd80317-a662-2c50-a910-2ebcd493cb93}"
EndProject
Project("{FAE04EC0-301F-11D3-BF4B-00C04F79EFBC}") = "Unity.VisualScripting.State", "Unity.VisualScripting.State.Player.csproj", "{eb543317-629b-d631-8e77-38d608a54c91}"
EndProject
Project("{FAE04EC0-301F-11D3-BF4B-00C04F79EFBC}") = "Unity.TextMeshPro", "Unity.TextMeshPro.Player.csproj", "{f16f9ee7-c8c1-1d3d-479d-f2c5cff1dac4}"
EndProject
Project("{FAE04EC0-301F-11D3-BF4B-00C04F79EFBC}") = "Unity.InternalAPIEngineBridge.001", "Unity.InternalAPIEngineBridge.001.Player.csproj", "{dd1ad6d0-b6f0-435e-51c9-ed3e5a2a5d53}"
EndProject
Project("{FAE04EC0-301F-11D3-BF4B-00C04F79EFBC}") = "Unity.2D.PixelPerfect", "Unity.2D.PixelPerfect.Player.csproj", "{b65cd075-2317-0df0-60e1-5d7aa1393988}"
EndProject
Project("{FAE04EC0-301F-11D3-BF4B-00C04F79EFBC}") = "Unity.2D.Common.Runtime", "Unity.2D.Common.Runtime.Player.csproj", "{0c4b195f-ad73-0984-4c21-54793df95678}"
EndProject
Project("{FAE04EC0-301F-11D3-BF4B-00C04F79EFBC}") = "Assembly-CSharp-Editor", "Assembly-CSharp-Editor.csproj", "{7ab2c353-54e0-e824-525f-b4596f8cb541}"
EndProject
Project("{FAE04EC0-301F-11D3-BF4B-00C04F79EFBC}") = "Assembly-CSharp", "Assembly-CSharp.csproj", "{6606ae7b-e2ea-1263-e7de-9b4250af77b5}"
EndProject
Project("{FAE04EC0-301F-11D3-BF4B-00C04F79EFBC}") = "Unity.Mathematics.Tests", "Unity.Mathematics.Tests.csproj", "{376832ee-6003-39f7-2170-cb361889d47f}"
EndProject
Project("{FAE04EC0-301F-11D3-BF4B-00C04F79EFBC}") = "Unity.2D.Aseprite.EditorTests", "Unity.2D.Aseprite.EditorTests.csproj", "{3268c175-6bdf-f5c6-c127-280a5ae67eef}"
EndProject
Project("{FAE04EC0-301F-11D3-BF4B-00C04F79EFBC}") = "Unity.2D.Sprite.Package.EditorTests", "Unity.2D.Sprite.Package.EditorTests.csproj", "{e211f43d-772a-e7b6-65e6-cdab6a1f5cad}"
EndProject
Project("{FAE04EC0-301F-11D3-BF4B-00C04F79EFBC}") = "Unity.Burst.Tests.UnitTests", "Unity.Burst.Tests.UnitTests.csproj", "{3322df9f-890c-292b-6f93-24e6f17bcf28}"
EndProject
Project("{FAE04EC0-301F-11D3-BF4B-00C04F79EFBC}") = "Unity.2D.PixelPerfect.EditorTests", "Unity.2D.PixelPerfect.EditorTests.csproj", "{bed8f60d-adf5-24a0-daa6-cc98bad7d517}"
EndProject
Project("{FAE04EC0-301F-11D3-BF4B-00C04F79EFBC}") = "Unity.2D.SpriteShape.EditorTests", "Unity.2D.SpriteShape.EditorTests.csproj", "{654ede9d-8b51-d774-737b-1f8f1cc33c3f}"
EndProject
Project("{FAE04EC0-301F-11D3-BF4B-00C04F79EFBC}") = "Unity.2D.Common.EditorTests", "Unity.2D.Common.EditorTests.csproj", "{832dedfa-9ea8-5373-4258-167843f3496d}"
EndProject
Project("{FAE04EC0-301F-11D3-BF4B-00C04F79EFBC}") = "Unity.Burst.Editor.Tests", "Unity.Burst.Editor.Tests.csproj", "{44a9a841-9d4b-7a3d-0548-ae6842e4c989}"
EndProject
Project("{FAE04EC0-301F-11D3-BF4B-00C04F79EFBC}") = "Unity.TextMeshPro.Editor.Tests", "Unity.TextMeshPro.Editor.Tests.csproj", "{4fc469f4-94a9-7d7d-54ec-1803695c7ef6}"
EndProject
Project("{FAE04EC0-301F-11D3-BF4B-00C04F79EFBC}") = "DocCodeExamples", "DocCodeExamples.csproj", "{55b67fea-5ba5-2393-64e5-b7cf858f89c4}"
EndProject
Project("{FAE04EC0-301F-11D3-BF4B-00C04F79EFBC}") = "Unity.Collections.Tests", "Unity.Collections.Tests.csproj", "{b81c5d9e-1d19-b64d-e24a-643cff515d07}"
EndProject
Project("{FAE04EC0-301F-11D3-BF4B-00C04F79EFBC}") = "Unity.2D.Psdimporter.EditorTests", "Unity.2D.Psdimporter.EditorTests.csproj", "{e19413af-bf05-1fb9-4ff3-a2dc36219834}"
EndProject
Project("{FAE04EC0-301F-11D3-BF4B-00C04F79EFBC}") = "UnityEngine.UI.Tests", "UnityEngine.UI.Tests.csproj", "{4743e18e-43da-7cc1-eb56-85f8063ce461}"
EndProject
Project("{FAE04EC0-301F-11D3-BF4B-00C04F79EFBC}") = "Unity.Collections.Tests.Playmode", "Unity.Collections.Tests.Playmode.csproj", "{44352368-48e7-e87d-f98a-af546ec53ce0}"
EndProject
Project("{FAE04EC0-301F-11D3-BF4B-00C04F79EFBC}") = "Unity.2D.Animation.EditorTests", "Unity.2D.Animation.EditorTests.csproj", "{f3b24284-fa73-e5dd-cf25-45e34dd41598}"
EndProject
Project("{FAE04EC0-301F-11D3-BF4B-00C04F79EFBC}") = "Unity.TextMeshPro.Tests", "Unity.TextMeshPro.Tests.csproj", "{005065e6-cbaf-c86d-ea57-0d3b782cd491}"
EndProject
Project("{FAE04EC0-301F-11D3-BF4B-00C04F79EFBC}") = "SeparateAssembly", "SeparateAssembly.csproj", "{3d57d0a1-c4ee-6e35-2e84-7fac156cc030}"
EndProject
Project("{FAE04EC0-301F-11D3-BF4B-00C04F79EFBC}") = "UnityEditor.UI.EditorTests", "UnityEditor.UI.EditorTests.csproj", "{105687a9-d15d-ee15-152e-505b0be061ef}"
EndProject
Project("{FAE04EC0-301F-11D3-BF4B-00C04F79EFBC}") = "Unity.2D.Tilemap.Package.EditorTests", "Unity.2D.Tilemap.Package.EditorTests.csproj", "{6082c8c9-24c7-fbe8-aec4-74a6cc97bcdd}"
EndProject
Project("{FAE04EC0-301F-11D3-BF4B-00C04F79EFBC}") = "Unity.2D.Tilemap.Extras.Placeholder.EditorTests", "Unity.2D.Tilemap.Extras.Placeholder.EditorTests.csproj", "{0ea37e2d-128a-7249-fcc2-b57cb391bb76}"
EndProject
Project("{FAE04EC0-301F-11D3-BF4B-00C04F79EFBC}") = "OverloadedFunctionPointers", "OverloadedFunctionPointers.csproj", "{9f7eeda3-a5de-5f7c-0318-aed8833eb2d2}"
EndProject
Global
	GlobalSection(SolutionConfigurationPlatforms) = preSolution
		Debug|Any CPU = Debug|Any CPU
	EndGlobalSection
	GlobalSection(ProjectConfigurationPlatforms) = postSolution
		{cd831ae9-5a9f-8582-2d6d-d0b155c328bf}.Debug|Any CPU.ActiveCfg = Debug|Any CPU
		{cd831ae9-5a9f-8582-2d6d-d0b155c328bf}.Debug|Any CPU.Build.0 = Debug|Any CPU
		{16243572-edba-27e8-77c1-b1fcc06fa492}.Debug|Any CPU.ActiveCfg = Debug|Any CPU
		{16243572-edba-27e8-77c1-b1fcc06fa492}.Debug|Any CPU.Build.0 = Debug|Any CPU
		{df52579a-69c1-ff40-4607-5d48457c0df2}.Debug|Any CPU.ActiveCfg = Debug|Any CPU
		{df52579a-69c1-ff40-4607-5d48457c0df2}.Debug|Any CPU.Build.0 = Debug|Any CPU
		{943d08cc-734e-8e0a-61da-f28afe8904be}.Debug|Any CPU.ActiveCfg = Debug|Any CPU
		{943d08cc-734e-8e0a-61da-f28afe8904be}.Debug|Any CPU.Build.0 = Debug|Any CPU
		{31a44434-3b34-bbdd-444b-7c173271432f}.Debug|Any CPU.ActiveCfg = Debug|Any CPU
		{31a44434-3b34-bbdd-444b-7c173271432f}.Debug|Any CPU.Build.0 = Debug|Any CPU
		{45499d3a-b64a-592a-d9b4-107379596b0a}.Debug|Any CPU.ActiveCfg = Debug|Any CPU
		{45499d3a-b64a-592a-d9b4-107379596b0a}.Debug|Any CPU.Build.0 = Debug|Any CPU
		{d704bbdd-29df-6f24-0729-e6f8cbe35970}.Debug|Any CPU.ActiveCfg = Debug|Any CPU
		{d704bbdd-29df-6f24-0729-e6f8cbe35970}.Debug|Any CPU.Build.0 = Debug|Any CPU
		{88b70be8-be55-02cb-f884-534b12858c9c}.Debug|Any CPU.ActiveCfg = Debug|Any CPU
		{88b70be8-be55-02cb-f884-534b12858c9c}.Debug|Any CPU.Build.0 = Debug|Any CPU
		{02df207b-4b24-8cf6-a929-82a4dc4efca6}.Debug|Any CPU.ActiveCfg = Debug|Any CPU
		{02df207b-4b24-8cf6-a929-82a4dc4efca6}.Debug|Any CPU.Build.0 = Debug|Any CPU
		{44c6c779-ba75-7511-f0bb-a31bdfc9e301}.Debug|Any CPU.ActiveCfg = Debug|Any CPU
		{44c6c779-ba75-7511-f0bb-a31bdfc9e301}.Debug|Any CPU.Build.0 = Debug|Any CPU
		{681d9245-37ac-2ea8-6f9f-47b594c8f571}.Debug|Any CPU.ActiveCfg = Debug|Any CPU
		{681d9245-37ac-2ea8-6f9f-47b594c8f571}.Debug|Any CPU.Build.0 = Debug|Any CPU
		{5290f99d-e680-085d-72ee-045c8d7076df}.Debug|Any CPU.ActiveCfg = Debug|Any CPU
		{5290f99d-e680-085d-72ee-045c8d7076df}.Debug|Any CPU.Build.0 = Debug|Any CPU
		{7ce1571c-fdfb-e9a0-aec1-69a2fcc37041}.Debug|Any CPU.ActiveCfg = Debug|Any CPU
		{7ce1571c-fdfb-e9a0-aec1-69a2fcc37041}.Debug|Any CPU.Build.0 = Debug|Any CPU
		{3fdecb5e-9ce8-74b7-8839-75ff80d43c5d}.Debug|Any CPU.ActiveCfg = Debug|Any CPU
		{3fdecb5e-9ce8-74b7-8839-75ff80d43c5d}.Debug|Any CPU.Build.0 = Debug|Any CPU
		{07259eb9-8177-3ea0-487d-81d1f26146fd}.Debug|Any CPU.ActiveCfg = Debug|Any CPU
		{07259eb9-8177-3ea0-487d-81d1f26146fd}.Debug|Any CPU.Build.0 = Debug|Any CPU
		{40725d42-0f6a-6c05-2ad9-88274a47fa3f}.Debug|Any CPU.ActiveCfg = Debug|Any CPU
		{40725d42-0f6a-6c05-2ad9-88274a47fa3f}.Debug|Any CPU.Build.0 = Debug|Any CPU
		{f52b8f09-ee9f-2e6b-50fe-7971e0dbe4b8}.Debug|Any CPU.ActiveCfg = Debug|Any CPU
		{f52b8f09-ee9f-2e6b-50fe-7971e0dbe4b8}.Debug|Any CPU.Build.0 = Debug|Any CPU
		{42943c11-e41b-36a4-9658-7202e2768f7a}.Debug|Any CPU.ActiveCfg = Debug|Any CPU
		{42943c11-e41b-36a4-9658-7202e2768f7a}.Debug|Any CPU.Build.0 = Debug|Any CPU
		{65454a96-9531-46f7-eb74-b7550a50c990}.Debug|Any CPU.ActiveCfg = Debug|Any CPU
		{65454a96-9531-46f7-eb74-b7550a50c990}.Debug|Any CPU.Build.0 = Debug|Any CPU
		{cda991b0-0c86-a32d-6b0c-dff5dcc21be7}.Debug|Any CPU.ActiveCfg = Debug|Any CPU
		{cda991b0-0c86-a32d-6b0c-dff5dcc21be7}.Debug|Any CPU.Build.0 = Debug|Any CPU
		{9acdf442-57d9-d985-83ca-3a10c0c74d92}.Debug|Any CPU.ActiveCfg = Debug|Any CPU
		{9acdf442-57d9-d985-83ca-3a10c0c74d92}.Debug|Any CPU.Build.0 = Debug|Any CPU
		{57eaf9ae-5f7a-c822-47ef-9fcf6f08400e}.Debug|Any CPU.ActiveCfg = Debug|Any CPU
		{57eaf9ae-5f7a-c822-47ef-9fcf6f08400e}.Debug|Any CPU.Build.0 = Debug|Any CPU
		{d7cedc90-2674-0f01-c7a0-22b1466abacd}.Debug|Any CPU.ActiveCfg = Debug|Any CPU
		{d7cedc90-2674-0f01-c7a0-22b1466abacd}.Debug|Any CPU.Build.0 = Debug|Any CPU
		{7f6a79f8-e304-6e23-0ef4-92d9d7d33aee}.Debug|Any CPU.ActiveCfg = Debug|Any CPU
		{7f6a79f8-e304-6e23-0ef4-92d9d7d33aee}.Debug|Any CPU.Build.0 = Debug|Any CPU
		{78394676-23d2-1e06-abf8-2346b29d22c7}.Debug|Any CPU.ActiveCfg = Debug|Any CPU
		{78394676-23d2-1e06-abf8-2346b29d22c7}.Debug|Any CPU.Build.0 = Debug|Any CPU
		{b3458fb1-d78d-4f5c-9c3b-1d625c0572c9}.Debug|Any CPU.ActiveCfg = Debug|Any CPU
		{b3458fb1-d78d-4f5c-9c3b-1d625c0572c9}.Debug|Any CPU.Build.0 = Debug|Any CPU
		{984ad6e8-7c1a-587f-bf9c-69e597d7355f}.Debug|Any CPU.ActiveCfg = Debug|Any CPU
		{984ad6e8-7c1a-587f-bf9c-69e597d7355f}.Debug|Any CPU.Build.0 = Debug|Any CPU
		{2129b3f5-8f94-5ed7-726b-a69c38a91d03}.Debug|Any CPU.ActiveCfg = Debug|Any CPU
		{2129b3f5-8f94-5ed7-726b-a69c38a91d03}.Debug|Any CPU.Build.0 = Debug|Any CPU
		{39673e04-576b-52e6-fc8a-e05f123cd509}.Debug|Any CPU.ActiveCfg = Debug|Any CPU
		{39673e04-576b-52e6-fc8a-e05f123cd509}.Debug|Any CPU.Build.0 = Debug|Any CPU
		{f1a143ef-6efb-a0d0-d5bb-424dfe1844a4}.Debug|Any CPU.ActiveCfg = Debug|Any CPU
		{f1a143ef-6efb-a0d0-d5bb-424dfe1844a4}.Debug|Any CPU.Build.0 = Debug|Any CPU
		{d27af6f3-db4d-240a-9b2a-7e65196ba912}.Debug|Any CPU.ActiveCfg = Debug|Any CPU
		{d27af6f3-db4d-240a-9b2a-7e65196ba912}.Debug|Any CPU.Build.0 = Debug|Any CPU
		{d861e651-a363-e1b7-5d60-a66bc23bd3b6}.Debug|Any CPU.ActiveCfg = Debug|Any CPU
		{d861e651-a363-e1b7-5d60-a66bc23bd3b6}.Debug|Any CPU.Build.0 = Debug|Any CPU
		{17359526-0520-6a43-5a9e-3dcc328efadb}.Debug|Any CPU.ActiveCfg = Debug|Any CPU
		{17359526-0520-6a43-5a9e-3dcc328efadb}.Debug|Any CPU.Build.0 = Debug|Any CPU
		{bcf9a229-81ae-a9da-e795-6492b04869a7}.Debug|Any CPU.ActiveCfg = Debug|Any CPU
		{bcf9a229-81ae-a9da-e795-6492b04869a7}.Debug|Any CPU.Build.0 = Debug|Any CPU
		{7c2e9f36-43a1-542a-6d00-6994a9847169}.Debug|Any CPU.ActiveCfg = Debug|Any CPU
		{7c2e9f36-43a1-542a-6d00-6994a9847169}.Debug|Any CPU.Build.0 = Debug|Any CPU
		{e85a663b-20ad-ff33-57ff-037cbcd38f12}.Debug|Any CPU.ActiveCfg = Debug|Any CPU
		{e85a663b-20ad-ff33-57ff-037cbcd38f12}.Debug|Any CPU.Build.0 = Debug|Any CPU
		{cf4a4823-8b3e-a0f1-ff05-5e80f67d7568}.Debug|Any CPU.ActiveCfg = Debug|Any CPU
		{cf4a4823-8b3e-a0f1-ff05-5e80f67d7568}.Debug|Any CPU.Build.0 = Debug|Any CPU
		{709a7768-bf9e-c22c-18e4-dd2525921bfe}.Debug|Any CPU.ActiveCfg = Debug|Any CPU
		{709a7768-bf9e-c22c-18e4-dd2525921bfe}.Debug|Any CPU.Build.0 = Debug|Any CPU
		{6dd9c431-576a-077e-0547-3fb0c2374657}.Debug|Any CPU.ActiveCfg = Debug|Any CPU
		{6dd9c431-576a-077e-0547-3fb0c2374657}.Debug|Any CPU.Build.0 = Debug|Any CPU
		{d9e2e57d-962f-a10c-da45-d0b087c160c0}.Debug|Any CPU.ActiveCfg = Debug|Any CPU
		{d9e2e57d-962f-a10c-da45-d0b087c160c0}.Debug|Any CPU.Build.0 = Debug|Any CPU
		{7aba76a6-5a47-ea54-22e2-b7eac28c82ef}.Debug|Any CPU.ActiveCfg = Debug|Any CPU
		{7aba76a6-5a47-ea54-22e2-b7eac28c82ef}.Debug|Any CPU.Build.0 = Debug|Any CPU
		{6532bfa6-84d3-6654-ce47-147a13e4a50f}.Debug|Any CPU.ActiveCfg = Debug|Any CPU
		{6532bfa6-84d3-6654-ce47-147a13e4a50f}.Debug|Any CPU.Build.0 = Debug|Any CPU
		{b9166cb5-dafa-d5bb-0481-2b8628f845ef}.Debug|Any CPU.ActiveCfg = Debug|Any CPU
		{b9166cb5-dafa-d5bb-0481-2b8628f845ef}.Debug|Any CPU.Build.0 = Debug|Any CPU
		{95e87ed5-93d2-f860-691f-a9ab988c79c3}.Debug|Any CPU.ActiveCfg = Debug|Any CPU
		{95e87ed5-93d2-f860-691f-a9ab988c79c3}.Debug|Any CPU.Build.0 = Debug|Any CPU
		{22dd334e-1a92-676f-7a1f-57af68111798}.Debug|Any CPU.ActiveCfg = Debug|Any CPU
		{22dd334e-1a92-676f-7a1f-57af68111798}.Debug|Any CPU.Build.0 = Debug|Any CPU
		{84400e6d-e0ce-f06a-5c17-dae54ee4a97f}.Debug|Any CPU.ActiveCfg = Debug|Any CPU
		{84400e6d-e0ce-f06a-5c17-dae54ee4a97f}.Debug|Any CPU.Build.0 = Debug|Any CPU
		{142ba918-041c-908f-7f6f-c5e4c80ae95b}.Debug|Any CPU.ActiveCfg = Debug|Any CPU
		{142ba918-041c-908f-7f6f-c5e4c80ae95b}.Debug|Any CPU.Build.0 = Debug|Any CPU
		{e78232c2-52a6-3277-7fe3-a86690c8ed6d}.Debug|Any CPU.ActiveCfg = Debug|Any CPU
		{e78232c2-52a6-3277-7fe3-a86690c8ed6d}.Debug|Any CPU.Build.0 = Debug|Any CPU
		{98dfe2c5-fe3e-896e-6a04-286151a9bca8}.Debug|Any CPU.ActiveCfg = Debug|Any CPU
		{98dfe2c5-fe3e-896e-6a04-286151a9bca8}.Debug|Any CPU.Build.0 = Debug|Any CPU
		{6b5ce7b0-7d1a-cf96-1b4d-9f841fced8fb}.Debug|Any CPU.ActiveCfg = Debug|Any CPU
		{6b5ce7b0-7d1a-cf96-1b4d-9f841fced8fb}.Debug|Any CPU.Build.0 = Debug|Any CPU
		{499ade4c-b0da-ddbf-7e93-23739d3834e6}.Debug|Any CPU.ActiveCfg = Debug|Any CPU
		{499ade4c-b0da-ddbf-7e93-23739d3834e6}.Debug|Any CPU.Build.0 = Debug|Any CPU
		{256d3ef3-5b98-f179-4bd7-8f8ac411dd25}.Debug|Any CPU.ActiveCfg = Debug|Any CPU
		{256d3ef3-5b98-f179-4bd7-8f8ac411dd25}.Debug|Any CPU.Build.0 = Debug|Any CPU
		{03d5c934-d3f3-9c25-d8d0-0ad4cb480eff}.Debug|Any CPU.ActiveCfg = Debug|Any CPU
		{03d5c934-d3f3-9c25-d8d0-0ad4cb480eff}.Debug|Any CPU.Build.0 = Debug|Any CPU
		{d3bc6611-7d59-73ed-3185-1347c44909c3}.Debug|Any CPU.ActiveCfg = Debug|Any CPU
		{d3bc6611-7d59-73ed-3185-1347c44909c3}.Debug|Any CPU.Build.0 = Debug|Any CPU
		{7cd99c07-1d84-0c45-6159-ff4134c4fa0d}.Debug|Any CPU.ActiveCfg = Debug|Any CPU
		{7cd99c07-1d84-0c45-6159-ff4134c4fa0d}.Debug|Any CPU.Build.0 = Debug|Any CPU
		{b4ad28d4-7f2b-3dde-f505-e287b3266517}.Debug|Any CPU.ActiveCfg = Debug|Any CPU
		{b4ad28d4-7f2b-3dde-f505-e287b3266517}.Debug|Any CPU.Build.0 = Debug|Any CPU
		{ea46173f-73a4-f50d-6a17-b637e9194902}.Debug|Any CPU.ActiveCfg = Debug|Any CPU
		{ea46173f-73a4-f50d-6a17-b637e9194902}.Debug|Any CPU.Build.0 = Debug|Any CPU
		{675653e8-fb4a-3e31-67fc-fdb198d2b8db}.Debug|Any CPU.ActiveCfg = Debug|Any CPU
		{675653e8-fb4a-3e31-67fc-fdb198d2b8db}.Debug|Any CPU.Build.0 = Debug|Any CPU
		{af665c5a-62c6-3a8f-05f2-064ffdf85ff9}.Debug|Any CPU.ActiveCfg = Debug|Any CPU
		{af665c5a-62c6-3a8f-05f2-064ffdf85ff9}.Debug|Any CPU.Build.0 = Debug|Any CPU
		{cd828067-b481-6f36-cd3e-0145771000e5}.Debug|Any CPU.ActiveCfg = Debug|Any CPU
		{cd828067-b481-6f36-cd3e-0145771000e5}.Debug|Any CPU.Build.0 = Debug|Any CPU
		{3bd80317-a662-2c50-a910-2ebcd493cb93}.Debug|Any CPU.ActiveCfg = Debug|Any CPU
		{3bd80317-a662-2c50-a910-2ebcd493cb93}.Debug|Any CPU.Build.0 = Debug|Any CPU
		{eb543317-629b-d631-8e77-38d608a54c91}.Debug|Any CPU.ActiveCfg = Debug|Any CPU
		{eb543317-629b-d631-8e77-38d608a54c91}.Debug|Any CPU.Build.0 = Debug|Any CPU
		{f16f9ee7-c8c1-1d3d-479d-f2c5cff1dac4}.Debug|Any CPU.ActiveCfg = Debug|Any CPU
		{f16f9ee7-c8c1-1d3d-479d-f2c5cff1dac4}.Debug|Any CPU.Build.0 = Debug|Any CPU
		{dd1ad6d0-b6f0-435e-51c9-ed3e5a2a5d53}.Debug|Any CPU.ActiveCfg = Debug|Any CPU
		{dd1ad6d0-b6f0-435e-51c9-ed3e5a2a5d53}.Debug|Any CPU.Build.0 = Debug|Any CPU
		{b65cd075-2317-0df0-60e1-5d7aa1393988}.Debug|Any CPU.ActiveCfg = Debug|Any CPU
		{b65cd075-2317-0df0-60e1-5d7aa1393988}.Debug|Any CPU.Build.0 = Debug|Any CPU
		{0c4b195f-ad73-0984-4c21-54793df95678}.Debug|Any CPU.ActiveCfg = Debug|Any CPU
		{0c4b195f-ad73-0984-4c21-54793df95678}.Debug|Any CPU.Build.0 = Debug|Any CPU
		{7ab2c353-54e0-e824-525f-b4596f8cb541}.Debug|Any CPU.ActiveCfg = Debug|Any CPU
		{7ab2c353-54e0-e824-525f-b4596f8cb541}.Debug|Any CPU.Build.0 = Debug|Any CPU
		{6606ae7b-e2ea-1263-e7de-9b4250af77b5}.Debug|Any CPU.ActiveCfg = Debug|Any CPU
		{6606ae7b-e2ea-1263-e7de-9b4250af77b5}.Debug|Any CPU.Build.0 = Debug|Any CPU
		{376832ee-6003-39f7-2170-cb361889d47f}.Debug|Any CPU.ActiveCfg = Debug|Any CPU
		{376832ee-6003-39f7-2170-cb361889d47f}.Debug|Any CPU.Build.0 = Debug|Any CPU
		{3268c175-6bdf-f5c6-c127-280a5ae67eef}.Debug|Any CPU.ActiveCfg = Debug|Any CPU
		{3268c175-6bdf-f5c6-c127-280a5ae67eef}.Debug|Any CPU.Build.0 = Debug|Any CPU
		{e211f43d-772a-e7b6-65e6-cdab6a1f5cad}.Debug|Any CPU.ActiveCfg = Debug|Any CPU
		{e211f43d-772a-e7b6-65e6-cdab6a1f5cad}.Debug|Any CPU.Build.0 = Debug|Any CPU
		{3322df9f-890c-292b-6f93-24e6f17bcf28}.Debug|Any CPU.ActiveCfg = Debug|Any CPU
		{3322df9f-890c-292b-6f93-24e6f17bcf28}.Debug|Any CPU.Build.0 = Debug|Any CPU
		{bed8f60d-adf5-24a0-daa6-cc98bad7d517}.Debug|Any CPU.ActiveCfg = Debug|Any CPU
		{bed8f60d-adf5-24a0-daa6-cc98bad7d517}.Debug|Any CPU.Build.0 = Debug|Any CPU
		{654ede9d-8b51-d774-737b-1f8f1cc33c3f}.Debug|Any CPU.ActiveCfg = Debug|Any CPU
		{654ede9d-8b51-d774-737b-1f8f1cc33c3f}.Debug|Any CPU.Build.0 = Debug|Any CPU
		{832dedfa-9ea8-5373-4258-167843f3496d}.Debug|Any CPU.ActiveCfg = Debug|Any CPU
		{832dedfa-9ea8-5373-4258-167843f3496d}.Debug|Any CPU.Build.0 = Debug|Any CPU
		{44a9a841-9d4b-7a3d-0548-ae6842e4c989}.Debug|Any CPU.ActiveCfg = Debug|Any CPU
		{44a9a841-9d4b-7a3d-0548-ae6842e4c989}.Debug|Any CPU.Build.0 = Debug|Any CPU
		{4fc469f4-94a9-7d7d-54ec-1803695c7ef6}.Debug|Any CPU.ActiveCfg = Debug|Any CPU
		{4fc469f4-94a9-7d7d-54ec-1803695c7ef6}.Debug|Any CPU.Build.0 = Debug|Any CPU
		{55b67fea-5ba5-2393-64e5-b7cf858f89c4}.Debug|Any CPU.ActiveCfg = Debug|Any CPU
		{55b67fea-5ba5-2393-64e5-b7cf858f89c4}.Debug|Any CPU.Build.0 = Debug|Any CPU
		{b81c5d9e-1d19-b64d-e24a-643cff515d07}.Debug|Any CPU.ActiveCfg = Debug|Any CPU
		{b81c5d9e-1d19-b64d-e24a-643cff515d07}.Debug|Any CPU.Build.0 = Debug|Any CPU
		{e19413af-bf05-1fb9-4ff3-a2dc36219834}.Debug|Any CPU.ActiveCfg = Debug|Any CPU
		{e19413af-bf05-1fb9-4ff3-a2dc36219834}.Debug|Any CPU.Build.0 = Debug|Any CPU
		{4743e18e-43da-7cc1-eb56-85f8063ce461}.Debug|Any CPU.ActiveCfg = Debug|Any CPU
		{4743e18e-43da-7cc1-eb56-85f8063ce461}.Debug|Any CPU.Build.0 = Debug|Any CPU
		{44352368-48e7-e87d-f98a-af546ec53ce0}.Debug|Any CPU.ActiveCfg = Debug|Any CPU
		{44352368-48e7-e87d-f98a-af546ec53ce0}.Debug|Any CPU.Build.0 = Debug|Any CPU
		{f3b24284-fa73-e5dd-cf25-45e34dd41598}.Debug|Any CPU.ActiveCfg = Debug|Any CPU
		{f3b24284-fa73-e5dd-cf25-45e34dd41598}.Debug|Any CPU.Build.0 = Debug|Any CPU
		{005065e6-cbaf-c86d-ea57-0d3b782cd491}.Debug|Any CPU.ActiveCfg = Debug|Any CPU
		{005065e6-cbaf-c86d-ea57-0d3b782cd491}.Debug|Any CPU.Build.0 = Debug|Any CPU
		{3d57d0a1-c4ee-6e35-2e84-7fac156cc030}.Debug|Any CPU.ActiveCfg = Debug|Any CPU
		{3d57d0a1-c4ee-6e35-2e84-7fac156cc030}.Debug|Any CPU.Build.0 = Debug|Any CPU
		{105687a9-d15d-ee15-152e-505b0be061ef}.Debug|Any CPU.ActiveCfg = Debug|Any CPU
		{105687a9-d15d-ee15-152e-505b0be061ef}.Debug|Any CPU.Build.0 = Debug|Any CPU
		{6082c8c9-24c7-fbe8-aec4-74a6cc97bcdd}.Debug|Any CPU.ActiveCfg = Debug|Any CPU
		{6082c8c9-24c7-fbe8-aec4-74a6cc97bcdd}.Debug|Any CPU.Build.0 = Debug|Any CPU
		{0ea37e2d-128a-7249-fcc2-b57cb391bb76}.Debug|Any CPU.ActiveCfg = Debug|Any CPU
		{0ea37e2d-128a-7249-fcc2-b57cb391bb76}.Debug|Any CPU.Build.0 = Debug|Any CPU
		{9f7eeda3-a5de-5f7c-0318-aed8833eb2d2}.Debug|Any CPU.ActiveCfg = Debug|Any CPU
		{9f7eeda3-a5de-5f7c-0318-aed8833eb2d2}.Debug|Any CPU.Build.0 = Debug|Any CPU
	EndGlobalSection
	GlobalSection(SolutionProperties) = preSolution
		HideSolutionNode = FALSE
	EndGlobalSection
EndGlobal
